{
  "lockfileVersion": 1,
  "configVersion": 1,
  "workspaces": {
    "": {
      "name": "my-catalog-monorepo",
    },
    "packages/a": {
      "name": "a",
      "version": "1.0.0",
      "dependencies": {
        "ms": "catalog:",
      },
    },
    "packages/b": {
      "name": "b",
      "version": "1.0.0",
      "dependencies": {
        "a": "workspace:*",
        "debug": "catalog:utils",
      },
    },
  },
  "catalog": {
    "ms": "^2.1.0",
  },
  "catalogs": {
    "utils": {
      "debug": "^4.0.0",
    },
  },
  "packages": {
    "a": ["a@workspace:packages/a"],

    "b": ["b@workspace:packages/b"],

    "debug": ["debug@4.4.3", "", { "dependencies": { "ms": "^2.1.3" } }, "sha512-RGwwWnwQvkVfavKVt22FGLw+xYSdzARwm0ru6DhTVA3umU5hZc28V3kO4stgYryrTlLpuvgI9GiijltAjNbcqA=="],

    "ms": ["ms@2.1.3", "", {}, "sha512-6FlzubTLZG3J2a/NVCAleEhjzq5oxgHyaCU9yYXvcLsvoVaHJq/s5xXI6/XXP6tz7R9xAOtHnSO/tXtF3WRTlA=="],
  }
}
