{
  "lockfileVersion": 1,
  "workspaces": {
    "": {
      "name": "my-monorepo",
      "dependencies": {
        "lodash": "^4.17.21",
      },
    },
    "packages/server": {
      "name": "server",
      "version": "1.2.3",
      "dependencies": {
        "express": "^4.18.2",
        "server-lib": "workspace:*",
      },
    },
    "packages/client": {
      "name": "client",
      "version": "0.1.0",
      "devDependencies": {
        "typescript": "^5.0.0",
      },
    },
  },
  "packages": {
    "lodash": ["lodash@4.17.21", "", {}, "sha512-aaa"],
    "express": ["express@4.18.2", "", {
      "dependencies": {
        "accepts": "~1.3.8",
      },
    }, "sha512-bbb"],
    "accepts": ["accepts@1.3.8", "", {}, "sha512-ccc"],
    "typescript": ["typescript@5.3.3", "", {}, "sha512-ddd"],
  },
}
